
Microsoft Visual Studio Solution File, Format Version 12.00
# Visual Studio Version 17
VisualStudioVersion = 17.0.31903.59
MinimumVisualStudioVersion = 10.0.40219.1
Project("{FAE04EC0-301F-11D3-BF4B-00C04F79EFBC}") = "MiniBanco.Api", "MiniBanco.Api\MiniBanco.Api.csproj", "{26DCB38A-26D5-4EDB-9D2F-29894D5AE452}"
EndProject
Project("{FAE04EC0-301F-11D3-BF4B-00C04F79EFBC}") = "MiniBanco.Core", "MiniBanco.Core\MiniBanco.Core.csproj", "{473BC1B1-BA98-4276-864F-8532792EE952}"
EndProject
Project("{FAE04EC0-301F-11D3-BF4B-00C04F79EFBC}") = "MiniBanco.Infra", "MiniBanco.Infra\MiniBanco.Infra.csproj", "{C9BA367C-F616-45EF-A24A-5DBA37F7E8C6}"
EndProject
Project("{FAE04EC0-301F-11D3-BF4B-00C04F79EFBC}") = "MiniBanco.Test", "MiniBanco.Test\MiniBanco.Test.csproj", "{DD1B221A-3429-47A9-999F-6E3205F5773E}"
EndProject
Global
	GlobalSection(SolutionConfigurationPlatforms) = preSolution
		Debug|Any CPU = Debug|Any CPU
		Release|Any CPU = Release|Any CPU
	EndGlobalSection
	GlobalSection(SolutionProperties) = preSolution
		HideSolutionNode = FALSE
	EndGlobalSection
	GlobalSection(ProjectConfigurationPlatforms) = postSolution
		{26DCB38A-26D5-4EDB-9D2F-29894D5AE452}.Debug|Any CPU.ActiveCfg = Debug|Any CPU
		{26DCB38A-26D5-4EDB-9D2F-29894D5AE452}.Debug|Any CPU.Build.0 = Debug|Any CPU
		{26DCB38A-26D5-4EDB-9D2F-29894D5AE452}.Release|Any CPU.ActiveCfg = Release|Any CPU
		{26DCB38A-26D5-4EDB-9D2F-29894D5AE452}.Release|Any CPU.Build.0 = Release|Any CPU
		{473BC1B1-BA98-4276-864F-8532792EE952}.Debug|Any CPU.ActiveCfg = Debug|Any CPU
		{473BC1B1-BA98-4276-864F-8532792EE952}.Debug|Any CPU.Build.0 = Debug|Any CPU
		{473BC1B1-BA98-4276-864F-8532792EE952}.Release|Any CPU.ActiveCfg = Release|Any CPU
		{473BC1B1-BA98-4276-864F-8532792EE952}.Release|Any CPU.Build.0 = Release|Any CPU
		{C9BA367C-F616-45EF-A24A-5DBA37F7E8C6}.Debug|Any CPU.ActiveCfg = Debug|Any CPU
		{C9BA367C-F616-45EF-A24A-5DBA37F7E8C6}.Debug|Any CPU.Build.0 = Debug|Any CPU
		{C9BA367C-F616-45EF-A24A-5DBA37F7E8C6}.Release|Any CPU.ActiveCfg = Release|Any CPU
		{C9BA367C-F616-45EF-A24A-5DBA37F7E8C6}.Release|Any CPU.Build.0 = Release|Any CPU
		{DD1B221A-3429-47A9-999F-6E3205F5773E}.Debug|Any CPU.ActiveCfg = Debug|Any CPU
		{DD1B221A-3429-47A9-999F-6E3205F5773E}.Debug|Any CPU.Build.0 = Debug|Any CPU
		{DD1B221A-3429-47A9-999F-6E3205F5773E}.Release|Any CPU.ActiveCfg = Release|Any CPU
		{DD1B221A-3429-47A9-999F-6E3205F5773E}.Release|Any CPU.Build.0 = Release|Any CPU
	EndGlobalSection
EndGlobal
